{
  "name": "tree-sitter-dice",
  "version": "0.1.3",
  "lockfileVersion": 1,
  "requires": true,
  "dependencies": {
    "nan": {
      "version": "2.15.0",
      "resolved": "https://registry.nlark.com/nan/download/nan-2.15.0.tgz?cache=0&other_urls=https%3A%2F%2Fregistry.nlark.com%2Fnan%2Fdownload%2Fnan-2.15.0.tgz",
      "integrity": "sha1-PzSkc/8Y4VwbVia2KQO1rW5mX+4="
    },
    "node-gyp-build": {
      "version": "4.2.3",
      "resolved": "https://registry.nlark.com/node-gyp-build/download/node-gyp-build-4.2.3.tgz",
      "integrity": "sha1-zmJ3+FODX3GIKe+0fbIPPk2cRzk="
    },
    "tree-sitter-cli": {
      "version": "0.20.0",
      "resolved": "https://registry.nlark.com/tree-sitter-cli/download/tree-sitter-cli-0.20.0.tgz",
      "integrity": "sha1-/qqhHH7PRKbiNqoeKWO4XQRdM8w=",
      "dev": true
    }
  }
}
